
Microsoft Visual Studio Solution File, Format Version 12.00
# Visual Studio 2012
Project("{FAE04EC0-301F-11D3-BF4B-00C04F79EFBC}") = "WP7_Silverlight", "WP7_Silverlight\WP7_Silverlight.csproj", "{8DB6F0C8-362B-4A84-9A34-5ADE00FF0680}"
EndProject
Global
	GlobalSection(SolutionConfigurationPlatforms) = preSolution
		Debug|Any CPU = Debug|Any CPU
		Release|Any CPU = Release|Any CPU
	EndGlobalSection
	GlobalSection(ProjectConfigurationPlatforms) = postSolution
		{8DB6F0C8-362B-4A84-9A34-5ADE00FF0680}.Debug|Any CPU.ActiveCfg = Debug|Any CPU
		{8DB6F0C8-362B-4A84-9A34-5ADE00FF0680}.Debug|Any CPU.Build.0 = Debug|Any CPU
		{8DB6F0C8-362B-4A84-9A34-5ADE00FF0680}.Debug|Any CPU.Deploy.0 = Debug|Any CPU
		{8DB6F0C8-362B-4A84-9A34-5ADE00FF0680}.Release|Any CPU.ActiveCfg = Release|Any CPU
		{8DB6F0C8-362B-4A84-9A34-5ADE00FF0680}.Release|Any CPU.Build.0 = Release|Any CPU
		{8DB6F0C8-362B-4A84-9A34-5ADE00FF0680}.Release|Any CPU.Deploy.0 = Release|Any CPU
	EndGlobalSection
	GlobalSection(SolutionProperties) = preSolution
		HideSolutionNode = FALSE
	EndGlobalSection
EndGlobal
