
Microsoft Visual Studio Solution File, Format Version 11.00
# Visual Studio 2010
Project("{FAE04EC0-301F-11D3-BF4B-00C04F79EFBC}") = "PSVita_PSM", "PSVita_PSM\PSVita_PSM.csproj", "{0E459FA5-9816-4172-B02D-C1CB7836BFF9}"
EndProject
Global
	GlobalSection(SolutionConfigurationPlatforms) = preSolution
		Debug|Any CPU = Debug|Any CPU
		Release|Any CPU = Release|Any CPU
	EndGlobalSection
	GlobalSection(ProjectConfigurationPlatforms) = postSolution
		{0E459FA5-9816-4172-B02D-C1CB7836BFF9}.Debug|Any CPU.ActiveCfg = Debug|Any CPU
		{0E459FA5-9816-4172-B02D-C1CB7836BFF9}.Debug|Any CPU.Build.0 = Debug|Any CPU
		{0E459FA5-9816-4172-B02D-C1CB7836BFF9}.Release|Any CPU.ActiveCfg = Release|Any CPU
		{0E459FA5-9816-4172-B02D-C1CB7836BFF9}.Release|Any CPU.Build.0 = Release|Any CPU
	EndGlobalSection
	GlobalSection(MonoDevelopProperties) = preSolution
		StartupItem = PSVita_PSM\PSVita_PSM.csproj
	EndGlobalSection
EndGlobal
